// !$*UTF8*$!
{
	archiveVersion = 1;
	classes = {
	};
	objectVersion = 50;
	objects = {

/* Begin PBXBuildFile section */
		A8089E0E227614B100717DF3 /* AppDelegate.swift in Sources */ = {isa = PBXBuildFile; fileRef = A8089E0D227614B100717DF3 /* AppDelegate.swift */; };
		A8089E10227614B100717DF3 /* ViewController.swift in Sources */ = {isa = PBXBuildFile; fileRef = A8089E0F227614B100717DF3 /* ViewController.swift */; };
		A8089E13227614B100717DF3 /* Main.storyboard in Resources */ = {isa = PBXBuildFile; fileRef = A8089E11227614B100717DF3 /* Main.storyboard */; };
		A8089E15227614C000717DF3 /* Assets.xcassets in Resources */ = {isa = PBXBuildFile; fileRef = A8089E14227614C000717DF3 /* Assets.xcassets */; };
		A8089E18227614C000717DF3 /* LaunchScreen.storyboard in Resources */ = {isa = PBXBuildFile; fileRef = A8089E16227614C000717DF3 /* LaunchScreen.storyboard */; };
		A8089E23227614C100717DF3 /* ConcentrationTests.swift in Sources */ = {isa = PBXBuildFile; fileRef = A8089E22227614C100717DF3 /* ConcentrationTests.swift */; };
		A8089E2E227614C100717DF3 /* ConcentrationUITests.swift in Sources */ = {isa = PBXBuildFile; fileRef = A8089E2D227614C100717DF3 /* ConcentrationUITests.swift */; };
		A8089E412276343800717DF3 /* Cell.swift in Sources */ = {isa = PBXBuildFile; fileRef = A8089E3F2276343700717DF3 /* Cell.swift */; };
		A8089E422276343800717DF3 /* Cell.xib in Resources */ = {isa = PBXBuildFile; fileRef = A8089E402276343800717DF3 /* Cell.xib */; };
/* End PBXBuildFile section */

/* Begin PBXContainerItemProxy section */
		A8089E1F227614C100717DF3 /* PBXContainerItemProxy */ = {
			isa = PBXContainerItemProxy;
			containerPortal = A8089E02227614B100717DF3 /* Project object */;
			proxyType = 1;
			remoteGlobalIDString = A8089E09227614B100717DF3;
			remoteInfo = Concentration;
		};
		A8089E2A227614C100717DF3 /* PBXContainerItemProxy */ = {
			isa = PBXContainerItemProxy;
			containerPortal = A8089E02227614B100717DF3 /* Project object */;
			proxyType = 1;
			remoteGlobalIDString = A8089E09227614B100717DF3;
			remoteInfo = Concentration;
		};
/* End PBXContainerItemProxy section */

/* Begin PBXFileReference section */
		A8089E0A227614B100717DF3 /* Concentration.app */ = {isa = PBXFileReference; explicitFileType = wrapper.application; includeInIndex = 0; path = Concentration.app; sourceTree = BUILT_PRODUCTS_DIR; };
		A8089E0D227614B100717DF3 /* AppDelegate.swift */ = {isa = PBXFileReference; lastKnownFileType = sourcecode.swift; path = AppDelegate.swift; sourceTree = "<group>"; };
		A8089E0F227614B100717DF3 /* ViewController.swift */ = {isa = PBXFileReference; lastKnownFileType = sourcecode.swift; path = ViewController.swift; sourceTree = "<group>"; };
		A8089E12227614B100717DF3 /* Base */ = {isa = PBXFileReference; lastKnownFileType = file.storyboard; name = Base; path = Base.lproj/Main.storyboard; sourceTree = "<group>"; };
		A8089E14227614C000717DF3 /* Assets.xcassets */ = {isa = PBXFileReference; lastKnownFileType = folder.assetcatalog; path = Assets.xcassets; sourceTree = "<group>"; };
		A8089E17227614C000717DF3 /* Base */ = {isa = PBXFileReference; lastKnownFileType = file.storyboard; name = Base; path = Base.lproj/LaunchScreen.storyboard; sourceTree = "<group>"; };
		A8089E19227614C000717DF3 /* Info.plist */ = {isa = PBXFileReference; lastKnownFileType = text.plist.xml; path = Info.plist; sourceTree = "<group>"; };
		A8089E1E227614C100717DF3 /* ConcentrationTests.xctest */ = {isa = PBXFileReference; explicitFileType = wrapper.cfbundle; includeInIndex = 0; path = ConcentrationTests.xctest; sourceTree = BUILT_PRODUCTS_DIR; };
		A8089E22227614C100717DF3 /* ConcentrationTests.swift */ = {isa = PBXFileReference; lastKnownFileType = sourcecode.swift; path = ConcentrationTests.swift; sourceTree = "<group>"; };
		A8089E24227614C100717DF3 /* Info.plist */ = {isa = PBXFileReference; lastKnownFileType = text.plist.xml; path = Info.plist; sourceTree = "<group>"; };
		A8089E29227614C100717DF3 /* ConcentrationUITests.xctest */ = {isa = PBXFileReference; explicitFileType = wrapper.cfbundle; includeInIndex = 0; path = ConcentrationUITests.xctest; sourceTree = BUILT_PRODUCTS_DIR; };
		A8089E2D227614C100717DF3 /* ConcentrationUITests.swift */ = {isa = PBXFileReference; lastKnownFileType = sourcecode.swift; path = ConcentrationUITests.swift; sourceTree = "<group>"; };
		A8089E2F227614C100717DF3 /* Info.plist */ = {isa = PBXFileReference; lastKnownFileType = text.plist.xml; path = Info.plist; sourceTree = "<group>"; };
		A8089E3F2276343700717DF3 /* Cell.swift */ = {isa = PBXFileReference; lastKnownFileType = sourcecode.swift; path = Cell.swift; sourceTree = "<group>"; };
		A8089E402276343800717DF3 /* Cell.xib */ = {isa = PBXFileReference; lastKnownFileType = file.xib; path = Cell.xib; sourceTree = "<group>"; };
/* End PBXFileReference section */

/* Begin PBXFrameworksBuildPhase section */
		A8089E07227614B100717DF3 /* Frameworks */ = {
			isa = PBXFrameworksBuildPhase;
			buildActionMask = 2147483647;
			files = (
			);
			runOnlyForDeploymentPostprocessing = 0;
		};
		A8089E1B227614C100717DF3 /* Frameworks */ = {
			isa = PBXFrameworksBuildPhase;
			buildActionMask = 2147483647;
			files = (
			);
			runOnlyForDeploymentPostprocessing = 0;
		};
		A8089E26227614C100717DF3 /* Frameworks */ = {
			isa = PBXFrameworksBuildPhase;
			buildActionMask = 2147483647;
			files = (
			);
			runOnlyForDeploymentPostprocessing = 0;
		};
/* End PBXFrameworksBuildPhase section */

/* Begin PBXGroup section */
		A8089E01227614B100717DF3 = {
			isa = PBXGroup;
			children = (
				A8089E0C227614B100717DF3 /* Concentration */,
				A8089E21227614C100717DF3 /* ConcentrationTests */,
				A8089E2C227614C100717DF3 /* ConcentrationUITests */,
				A8089E0B227614B100717DF3 /* Products */,
			);
			sourceTree = "<group>";
		};
		A8089E0B227614B100717DF3 /* Products */ = {
			isa = PBXGroup;
			children = (
				A8089E0A227614B100717DF3 /* Concentration.app */,
				A8089E1E227614C100717DF3 /* ConcentrationTests.xctest */,
				A8089E29227614C100717DF3 /* ConcentrationUITests.xctest */,
			);
			name = Products;
			sourceTree = "<group>";
		};
		A8089E0C227614B100717DF3 /* Concentration */ = {
			isa = PBXGroup;
			children = (
				A8089E3E2276184700717DF3 /* Model */,
				A8089E3D2276184200717DF3 /* View */,
				A8089E3C2276183A00717DF3 /* Controller */,
				A8089E3B2276182F00717DF3 /* Support Files */,
				A8089E19227614C000717DF3 /* Info.plist */,
			);
			path = Concentration;
			sourceTree = "<group>";
		};
		A8089E21227614C100717DF3 /* ConcentrationTests */ = {
			isa = PBXGroup;
			children = (
				A8089E22227614C100717DF3 /* ConcentrationTests.swift */,
				A8089E24227614C100717DF3 /* Info.plist */,
			);
			path = ConcentrationTests;
			sourceTree = "<group>";
		};
		A8089E2C227614C100717DF3 /* ConcentrationUITests */ = {
			isa = PBXGroup;
			children = (
				A8089E2D227614C100717DF3 /* ConcentrationUITests.swift */,
				A8089E2F227614C100717DF3 /* Info.plist */,
			);
			path = ConcentrationUITests;
			sourceTree = "<group>";
		};
		A8089E3B2276182F00717DF3 /* Support Files */ = {
			isa = PBXGroup;
			children = (
				A8089E0D227614B100717DF3 /* AppDelegate.swift */,
				A8089E14227614C000717DF3 /* Assets.xcassets */,
				A8089E16227614C000717DF3 /* LaunchScreen.storyboard */,
			);
			path = "Support Files";
			sourceTree = "<group>";
		};
		A8089E3C2276183A00717DF3 /* Controller */ = {
			isa = PBXGroup;
			children = (
				A8089E0F227614B100717DF3 /* ViewController.swift */,
			);
			path = Controller;
			sourceTree = "<group>";
		};
		A8089E3D2276184200717DF3 /* View */ = {
			isa = PBXGroup;
			children = (
				A8089E11227614B100717DF3 /* Main.storyboard */,
				A8089E3F2276343700717DF3 /* Cell.swift */,
				A8089E402276343800717DF3 /* Cell.xib */,
			);
			path = View;
			sourceTree = "<group>";
		};
		A8089E3E2276184700717DF3 /* Model */ = {
			isa = PBXGroup;
			children = (
			);
			path = Model;
			sourceTree = "<group>";
		};
/* End PBXGroup section */

/* Begin PBXNativeTarget section */
		A8089E09227614B100717DF3 /* Concentration */ = {
			isa = PBXNativeTarget;
			buildConfigurationList = A8089E32227614C100717DF3 /* Build configuration list for PBXNativeTarget "Concentration" */;
			buildPhases = (
				A8089E06227614B100717DF3 /* Sources */,
				A8089E07227614B100717DF3 /* Frameworks */,
				A8089E08227614B100717DF3 /* Resources */,
			);
			buildRules = (
			);
			dependencies = (
			);
			name = Concentration;
			productName = Concentration;
			productReference = A8089E0A227614B100717DF3 /* Concentration.app */;
			productType = "com.apple.product-type.application";
		};
		A8089E1D227614C100717DF3 /* ConcentrationTests */ = {
			isa = PBXNativeTarget;
			buildConfigurationList = A8089E35227614C100717DF3 /* Build configuration list for PBXNativeTarget "ConcentrationTests" */;
			buildPhases = (
				A8089E1A227614C100717DF3 /* Sources */,
				A8089E1B227614C100717DF3 /* Frameworks */,
				A8089E1C227614C100717DF3 /* Resources */,
			);
			buildRules = (
			);
			dependencies = (
				A8089E20227614C100717DF3 /* PBXTargetDependency */,
			);
			name = ConcentrationTests;
			productName = ConcentrationTests;
			productReference = A8089E1E227614C100717DF3 /* ConcentrationTests.xctest */;
			productType = "com.apple.product-type.bundle.unit-test";
		};
		A8089E28227614C100717DF3 /* ConcentrationUITests */ = {
			isa = PBXNativeTarget;
			buildConfigurationList = A8089E38227614C100717DF3 /* Build configuration list for PBXNativeTarget "ConcentrationUITests" */;
			buildPhases = (
				A8089E25227614C100717DF3 /* Sources */,
				A8089E26227614C100717DF3 /* Frameworks */,
				A8089E27227614C100717DF3 /* Resources */,
			);
			buildRules = (
			);
			dependencies = (
				A8089E2B227614C100717DF3 /* PBXTargetDependency */,
			);
			name = ConcentrationUITests;
			productName = ConcentrationUITests;
			productReference = A8089E29227614C100717DF3 /* ConcentrationUITests.xctest */;
			productType = "com.apple.product-type.bundle.ui-testing";
		};
/* End PBXNativeTarget section */

/* Begin PBXProject section */
		A8089E02227614B100717DF3 /* Project object */ = {
			isa = PBXProject;
			attributes = {
				LastSwiftUpdateCheck = 1020;
				LastUpgradeCheck = 1020;
				ORGANIZATIONNAME = "Matt Deuschle";
				TargetAttributes = {
					A8089E09227614B100717DF3 = {
						CreatedOnToolsVersion = 10.2.1;
					};
					A8089E1D227614C100717DF3 = {
						CreatedOnToolsVersion = 10.2.1;
						TestTargetID = A8089E09227614B100717DF3;
					};
					A8089E28227614C100717DF3 = {
						CreatedOnToolsVersion = 10.2.1;
						TestTargetID = A8089E09227614B100717DF3;
					};
				};
			};
			buildConfigurationList = A8089E05227614B100717DF3 /* Build configuration list for PBXProject "Concentration" */;
			compatibilityVersion = "Xcode 9.3";
			developmentRegion = en;
			hasScannedForEncodings = 0;
			knownRegions = (
				en,
				Base,
			);
			mainGroup = A8089E01227614B100717DF3;
			productRefGroup = A8089E0B227614B100717DF3 /* Products */;
			projectDirPath = "";
			projectRoot = "";
			targets = (
				A8089E09227614B100717DF3 /* Concentration */,
				A8089E1D227614C100717DF3 /* ConcentrationTests */,
				A8089E28227614C100717DF3 /* ConcentrationUITests */,
			);
		};
/* End PBXProject section */

/* Begin PBXResourcesBuildPhase section */
		A8089E08227614B100717DF3 /* Resources */ = {
			isa = PBXResourcesBuildPhase;
			buildActionMask = 2147483647;
			files = (
				A8089E18227614C000717DF3 /* LaunchScreen.storyboard in Resources */,
				A8089E422276343800717DF3 /* Cell.xib in Resources */,
				A8089E15227614C000717DF3 /* Assets.xcassets in Resources */,
				A8089E13227614B100717DF3 /* Main.storyboard in Resources */,
			);
			runOnlyForDeploymentPostprocessing = 0;
		};
		A8089E1C227614C100717DF3 /* Resources */ = {
			isa = PBXResourcesBuildPhase;
			buildActionMask = 2147483647;
			files = (
			);
			runOnlyForDeploymentPostprocessing = 0;
		};
		A8089E27227614C100717DF3 /* Resources */ = {
			isa = PBXResourcesBuildPhase;
			buildActionMask = 2147483647;
			files = (
			);
			runOnlyForDeploymentPostprocessing = 0;
		};
/* End PBXResourcesBuildPhase section */

/* Begin PBXSourcesBuildPhase section */
		A8089E06227614B100717DF3 /* Sources */ = {
			isa = PBXSourcesBuildPhase;
			buildActionMask = 2147483647;
			files = (
				A8089E10227614B100717DF3 /* ViewController.swift in Sources */,
				A8089E0E227614B100717DF3 /* AppDelegate.swift in Sources */,
				A8089E412276343800717DF3 /* Cell.swift in Sources */,
			);
			runOnlyForDeploymentPostprocessing = 0;
		};
		A8089E1A227614C100717DF3 /* Sources */ = {
			isa = PBXSourcesBuildPhase;
			buildActionMask = 2147483647;
			files = (
				A8089E23227614C100717DF3 /* ConcentrationTests.swift in Sources */,
			);
			runOnlyForDeploymentPostprocessing = 0;
		};
		A8089E25227614C100717DF3 /* Sources */ = {
			isa = PBXSourcesBuildPhase;
			buildActionMask = 2147483647;
			files = (
				A8089E2E227614C100717DF3 /* ConcentrationUITests.swift in Sources */,
			);
			runOnlyForDeploymentPostprocessing = 0;
		};
/* End PBXSourcesBuildPhase section */

/* Begin PBXTargetDependency section */
		A8089E20227614C100717DF3 /* PBXTargetDependency */ = {
			isa = PBXTargetDependency;
			target = A8089E09227614B100717DF3 /* Concentration */;
			targetProxy = A8089E1F227614C100717DF3 /* PBXContainerItemProxy */;
		};
		A8089E2B227614C100717DF3 /* PBXTargetDependency */ = {
			isa = PBXTargetDependency;
			target = A8089E09227614B100717DF3 /* Concentration */;
			targetProxy = A8089E2A227614C100717DF3 /* PBXContainerItemProxy */;
		};
/* End PBXTargetDependency section */

/* Begin PBXVariantGroup section */
		A8089E11227614B100717DF3 /* Main.storyboard */ = {
			isa = PBXVariantGroup;
			children = (
				A8089E12227614B100717DF3 /* Base */,
			);
			name = Main.storyboard;
			sourceTree = "<group>";
		};
		A8089E16227614C000717DF3 /* LaunchScreen.storyboard */ = {
			isa = PBXVariantGroup;
			children = (
				A8089E17227614C000717DF3 /* Base */,
			);
			name = LaunchScreen.storyboard;
			sourceTree = "<group>";
		};
/* End PBXVariantGroup section */

/* Begin XCBuildConfiguration section */
		A8089E30227614C100717DF3 /* Debug */ = {
			isa = XCBuildConfiguration;
			buildSettings = {
				ALWAYS_SEARCH_USER_PATHS = NO;
				CLANG_ANALYZER_NONNULL = YES;
				CLANG_ANALYZER_NUMBER_OBJECT_CONVERSION = YES_AGGRESSIVE;
				CLANG_CXX_LANGUAGE_STANDARD = "gnu++14";
				CLANG_CXX_LIBRARY = "libc++";
				CLANG_ENABLE_MODULES = YES;
				CLANG_ENABLE_OBJC_ARC = YES;
				CLANG_ENABLE_OBJC_WEAK = YES;
				CLANG_WARN_BLOCK_CAPTURE_AUTORELEASING = YES;
				CLANG_WARN_BOOL_CONVERSION = YES;
				CLANG_WARN_COMMA = YES;
				CLANG_WARN_CONSTANT_CONVERSION = YES;
				CLANG_WARN_DEPRECATED_OBJC_IMPLEMENTATIONS = YES;
				CLANG_WARN_DIRECT_OBJC_ISA_USAGE = YES_ERROR;
				CLANG_WARN_DOCUMENTATION_COMMENTS = YES;
				CLANG_WARN_EMPTY_BODY = YES;
				CLANG_WARN_ENUM_CONVERSION = YES;
				CLANG_WARN_INFINITE_RECURSION = YES;
				CLANG_WARN_INT_CONVERSION = YES;
				CLANG_WARN_NON_LITERAL_NULL_CONVERSION = YES;
				CLANG_WARN_OBJC_IMPLICIT_RETAIN_SELF = YES;
				CLANG_WARN_OBJC_LITERAL_CONVERSION = YES;
				CLANG_WARN_OBJC_ROOT_CLASS = YES_ERROR;
				CLANG_WARN_RANGE_LOOP_ANALYSIS = YES;
				CLANG_WARN_STRICT_PROTOTYPES = YES;
				CLANG_WARN_SUSPICIOUS_MOVE = YES;
				CLANG_WARN_UNGUARDED_AVAILABILITY = YES_AGGRESSIVE;
				CLANG_WARN_UNREACHABLE_CODE = YES;
				CLANG_WARN__DUPLICATE_METHOD_MATCH = YES;
				CODE_SIGN_IDENTITY = "iPhone Developer";
				COPY_PHASE_STRIP = NO;
				DEBUG_INFORMATION_FORMAT = dwarf;
				ENABLE_STRICT_OBJC_MSGSEND = YES;
				ENABLE_TESTABILITY = YES;
				GCC_C_LANGUAGE_STANDARD = gnu11;
				GCC_DYNAMIC_NO_PIC = NO;
				GCC_NO_COMMON_BLOCKS = YES;
				GCC_OPTIMIZATION_LEVEL = 0;
				GCC_PREPROCESSOR_DEFINITIONS = (
					"DEBUG=1",
					"$(inherited)",
				);
				GCC_WARN_64_TO_32_BIT_CONVERSION = YES;
				GCC_WARN_ABOUT_RETURN_TYPE = YES_ERROR;
				GCC_WARN_UNDECLARED_SELECTOR = YES;
				GCC_WARN_UNINITIALIZED_AUTOS = YES_AGGRESSIVE;
				GCC_WARN_UNUSED_FUNCTION = YES;
				GCC_WARN_UNUSED_VARIABLE = YES;
				IPHONEOS_DEPLOYMENT_TARGET = 12.2;
				MTL_ENABLE_DEBUG_INFO = INCLUDE_SOURCE;
				MTL_FAST_MATH = YES;
				ONLY_ACTIVE_ARCH = YES;
				SDKROOT = iphoneos;
				SWIFT_ACTIVE_COMPILATION_CONDITIONS = DEBUG;
				SWIFT_OPTIMIZATION_LEVEL = "-Onone";
			};
			name = Debug;
		};
		A8089E31227614C100717DF3 /* Release */ = {
			isa = XCBuildConfiguration;
			buildSettings = {
				ALWAYS_SEARCH_USER_PATHS = NO;
				CLANG_ANALYZER_NONNULL = YES;
				CLANG_ANALYZER_NUMBER_OBJECT_CONVERSION = YES_AGGRESSIVE;
				CLANG_CXX_LANGUAGE_STANDARD = "gnu++14";
				CLANG_CXX_LIBRARY = "libc++";
				CLANG_ENABLE_MODULES = YES;
				CLANG_ENABLE_OBJC_ARC = YES;
				CLANG_ENABLE_OBJC_WEAK = YES;
				CLANG_WARN_BLOCK_CAPTURE_AUTORELEASING = YES;
				CLANG_WARN_BOOL_CONVERSION = YES;
				CLANG_WARN_COMMA = YES;
				CLANG_WARN_CONSTANT_CONVERSION = YES;
				CLANG_WARN_DEPRECATED_OBJC_IMPLEMENTATIONS = YES;
				CLANG_WARN_DIRECT_OBJC_ISA_USAGE = YES_ERROR;
				CLANG_WARN_DOCUMENTATION_COMMENTS = YES;
				CLANG_WARN_EMPTY_BODY = YES;
				CLANG_WARN_ENUM_CONVERSION = YES;
				CLANG_WARN_INFINITE_RECURSION = YES;
				CLANG_WARN_INT_CONVERSION = YES;
				CLANG_WARN_NON_LITERAL_NULL_CONVERSION = YES;
				CLANG_WARN_OBJC_IMPLICIT_RETAIN_SELF = YES;
				CLANG_WARN_OBJC_LITERAL_CONVERSION = YES;
				CLANG_WARN_OBJC_ROOT_CLASS = YES_ERROR;
				CLANG_WARN_RANGE_LOOP_ANALYSIS = YES;
				CLANG_WARN_STRICT_PROTOTYPES = YES;
				CLANG_WARN_SUSPICIOUS_MOVE = YES;
				CLANG_WARN_UNGUARDED_AVAILABILITY = YES_AGGRESSIVE;
				CLANG_WARN_UNREACHABLE_CODE = YES;
				CLANG_WARN__DUPLICATE_METHOD_MATCH = YES;
				CODE_SIGN_IDENTITY = "iPhone Developer";
				COPY_PHASE_STRIP = NO;
				DEBUG_INFORMATION_FORMAT = "dwarf-with-dsym";
				ENABLE_NS_ASSERTIONS = NO;
				ENABLE_STRICT_OBJC_MSGSEND = YES;
				GCC_C_LANGUAGE_STANDARD = gnu11;
				GCC_NO_COMMON_BLOCKS = YES;
				GCC_WARN_64_TO_32_BIT_CONVERSION = YES;
				GCC_WARN_ABOUT_RETURN_TYPE = YES_ERROR;
				GCC_WARN_UNDECLARED_SELECTOR = YES;
				GCC_WARN_UNINITIALIZED_AUTOS = YES_AGGRESSIVE;
				GCC_WARN_UNUSED_FUNCTION = YES;
				GCC_WARN_UNUSED_VARIABLE = YES;
				IPHONEOS_DEPLOYMENT_TARGET = 12.2;
				MTL_ENABLE_DEBUG_INFO = NO;
				MTL_FAST_MATH = YES;
				SDKROOT = iphoneos;
				SWIFT_COMPILATION_MODE = wholemodule;
				SWIFT_OPTIMIZATION_LEVEL = "-O";
				VALIDATE_PRODUCT = YES;
			};
			name = Release;
		};
		A8089E33227614C100717DF3 /* Debug */ = {
			isa = XCBuildConfiguration;
			buildSettings = {
				ASSETCATALOG_COMPILER_APPICON_NAME = AppIcon;
				CODE_SIGN_STYLE = Automatic;
				DEVELOPMENT_TEAM = 3DKZWJ5854;
				INFOPLIST_FILE = Concentration/Info.plist;
				LD_RUNPATH_SEARCH_PATHS = (
					"$(inherited)",
					"@executable_path/Frameworks",
				);
				PRODUCT_BUNDLE_IDENTIFIER = MattDeuschle.Concentration;
				PRODUCT_NAME = "$(TARGET_NAME)";
				SWIFT_VERSION = 5.0;
				TARGETED_DEVICE_FAMILY = "1,2";
			};
			name = Debug;
		};
		A8089E34227614C100717DF3 /* Release */ = {
			isa = XCBuildConfiguration;
			buildSettings = {
				ASSETCATALOG_COMPILER_APPICON_NAME = AppIcon;
				CODE_SIGN_STYLE = Automatic;
				DEVELOPMENT_TEAM = 3DKZWJ5854;
				INFOPLIST_FILE = Concentration/Info.plist;
				LD_RUNPATH_SEARCH_PATHS = (
					"$(inherited)",
					"@executable_path/Frameworks",
				);
				PRODUCT_BUNDLE_IDENTIFIER = MattDeuschle.Concentration;
				PRODUCT_NAME = "$(TARGET_NAME)";
				SWIFT_VERSION = 5.0;
				TARGETED_DEVICE_FAMILY = "1,2";
			};
			name = Release;
		};
		A8089E36227614C100717DF3 /* Debug */ = {
			isa = XCBuildConfiguration;
			buildSettings = {
				ALWAYS_EMBED_SWIFT_STANDARD_LIBRARIES = YES;
				BUNDLE_LOADER = "$(TEST_HOST)";
				CODE_SIGN_STYLE = Automatic;
				DEVELOPMENT_TEAM = 3DKZWJ5854;
				INFOPLIST_FILE = ConcentrationTests/Info.plist;
				LD_RUNPATH_SEARCH_PATHS = (
					"$(inherited)",
					"@executable_path/Frameworks",
					"@loader_path/Frameworks",
				);
				PRODUCT_BUNDLE_IDENTIFIER = MattDeuschle.ConcentrationTests;
				PRODUCT_NAME = "$(TARGET_NAME)";
				SWIFT_VERSION = 5.0;
				TARGETED_DEVICE_FAMILY = "1,2";
				TEST_HOST = "$(BUILT_PRODUCTS_DIR)/Concentration.app/Concentration";
			};
			name = Debug;
		};
		A8089E37227614C100717DF3 /* Release */ = {
			isa = XCBuildConfiguration;
			buildSettings = {
				ALWAYS_EMBED_SWIFT_STANDARD_LIBRARIES = YES;
				BUNDLE_LOADER = "$(TEST_HOST)";
				CODE_SIGN_STYLE = Automatic;
				DEVELOPMENT_TEAM = 3DKZWJ5854;
				INFOPLIST_FILE = ConcentrationTests/Info.plist;
				LD_RUNPATH_SEARCH_PATHS = (
					"$(inherited)",
					"@executable_path/Frameworks",
					"@loader_path/Frameworks",
				);
				PRODUCT_BUNDLE_IDENTIFIER = MattDeuschle.ConcentrationTests;
				PRODUCT_NAME = "$(TARGET_NAME)";
				SWIFT_VERSION = 5.0;
				TARGETED_DEVICE_FAMILY = "1,2";
				TEST_HOST = "$(BUILT_PRODUCTS_DIR)/Concentration.app/Concentration";
			};
			name = Release;
		};
		A8089E39227614C100717DF3 /* Debug */ = {
			isa = XCBuildConfiguration;
			buildSettings = {
				ALWAYS_EMBED_SWIFT_STANDARD_LIBRARIES = YES;
				CODE_SIGN_STYLE = Automatic;
				DEVELOPMENT_TEAM = 3DKZWJ5854;
				INFOPLIST_FILE = ConcentrationUITests/Info.plist;
				LD_RUNPATH_SEARCH_PATHS = (
					"$(inherited)",
					"@executable_path/Frameworks",
					"@loader_path/Frameworks",
				);
				PRODUCT_BUNDLE_IDENTIFIER = MattDeuschle.ConcentrationUITests;
				PRODUCT_NAME = "$(TARGET_NAME)";
				SWIFT_VERSION = 5.0;
				TARGETED_DEVICE_FAMILY = "1,2";
				TEST_TARGET_NAME = Concentration;
			};
			name = Debug;
		};
		A8089E3A227614C100717DF3 /* Release */ = {
			isa = XCBuildConfiguration;
			buildSettings = {
				ALWAYS_EMBED_SWIFT_STANDARD_LIBRARIES = YES;
				CODE_SIGN_STYLE = Automatic;
				DEVELOPMENT_TEAM = 3DKZWJ5854;
				INFOPLIST_FILE = ConcentrationUITests/Info.plist;
				LD_RUNPATH_SEARCH_PATHS = (
					"$(inherited)",
					"@executable_path/Frameworks",
					"@loader_path/Frameworks",
				);
				PRODUCT_BUNDLE_IDENTIFIER = MattDeuschle.ConcentrationUITests;
				PRODUCT_NAME = "$(TARGET_NAME)";
				SWIFT_VERSION = 5.0;
				TARGETED_DEVICE_FAMILY = "1,2";
				TEST_TARGET_NAME = Concentration;
			};
			name = Release;
		};
/* End XCBuildConfiguration section */

/* Begin XCConfigurationList section */
		A8089E05227614B100717DF3 /* Build configuration list for PBXProject "Concentration" */ = {
			isa = XCConfigurationList;
			buildConfigurations = (
				A8089E30227614C100717DF3 /* Debug */,
				A8089E31227614C100717DF3 /* Release */,
			);
			defaultConfigurationIsVisible = 0;
			defaultConfigurationName = Release;
		};
		A8089E32227614C100717DF3 /* Build configuration list for PBXNativeTarget "Concentration" */ = {
			isa = XCConfigurationList;
			buildConfigurations = (
				A8089E33227614C100717DF3 /* Debug */,
				A8089E34227614C100717DF3 /* Release */,
			);
			defaultConfigurationIsVisible = 0;
			defaultConfigurationName = Release;
		};
		A8089E35227614C100717DF3 /* Build configuration list for PBXNativeTarget "ConcentrationTests" */ = {
			isa = XCConfigurationList;
			buildConfigurations = (
				A8089E36227614C100717DF3 /* Debug */,
				A8089E37227614C100717DF3 /* Release */,
			);
			defaultConfigurationIsVisible = 0;
			defaultConfigurationName = Release;
		};
		A8089E38227614C100717DF3 /* Build configuration list for PBXNativeTarget "ConcentrationUITests" */ = {
			isa = XCConfigurationList;
			buildConfigurations = (
				A8089E39227614C100717DF3 /* Debug */,
				A8089E3A227614C100717DF3 /* Release */,
			);
			defaultConfigurationIsVisible = 0;
			defaultConfigurationName = Release;
		};
/* End XCConfigurationList section */
	};
	rootObject = A8089E02227614B100717DF3 /* Project object */;
}
